
Microsoft Visual Studio Solution File, Format Version 12.00
# Visual Studio Version 17
VisualStudioVersion = 17.9.34714.143
MinimumVisualStudioVersion = 10.0.40219.1
Project("{FAE04EC0-301F-11D3-BF4B-00C04F79EFBC}") = "scp-1956-plugin", "scp-1956-plugin\scp-1956-plugin.csproj", "{413A9387-C6BC-45D7-92BB-FC5EBEF67BF0}"
EndProject
Global
	GlobalSection(SolutionConfigurationPlatforms) = preSolution
		Debug|Any CPU = Debug|Any CPU
		Release|Any CPU = Release|Any CPU
	EndGlobalSection
	GlobalSection(ProjectConfigurationPlatforms) = postSolution
		{413A9387-C6BC-45D7-92BB-FC5EBEF67BF0}.Debug|Any CPU.ActiveCfg = Debug|Any CPU
		{413A9387-C6BC-45D7-92BB-FC5EBEF67BF0}.Debug|Any CPU.Build.0 = Debug|Any CPU
		{413A9387-C6BC-45D7-92BB-FC5EBEF67BF0}.Release|Any CPU.ActiveCfg = Release|Any CPU
		{413A9387-C6BC-45D7-92BB-FC5EBEF67BF0}.Release|Any CPU.Build.0 = Release|Any CPU
	EndGlobalSection
	GlobalSection(SolutionProperties) = preSolution
		HideSolutionNode = FALSE
	EndGlobalSection
	GlobalSection(ExtensibilityGlobals) = postSolution
		SolutionGuid = {48A5BB88-0D1C-483D-9C32-B787F1DD1CAD}
	EndGlobalSection
EndGlobal
